// !$*UTF8*$!
{
	archiveVersion = 1;
	classes = {
	};
	objectVersion = 50;
	objects = {

/* Begin PBXBuildFile section */
		6806A6FD20C867A20023F89F /* HandRecogniser2.mlmodel in Sources */ = {isa = PBXBuildFile; fileRef = 6806A6FC20C867A20023F89F /* HandRecogniser2.mlmodel */; };
		682B6B6120C79B8500E4FB89 /* AppDelegate.swift in Sources */ = {isa = PBXBuildFile; fileRef = 682B6B6020C79B8500E4FB89 /* AppDelegate.swift */; };
		682B6B6320C79B8500E4FB89 /* ViewController.swift in Sources */ = {isa = PBXBuildFile; fileRef = 682B6B6220C79B8500E4FB89 /* ViewController.swift */; };
		682B6B6620C79B8500E4FB89 /* Main.storyboard in Resources */ = {isa = PBXBuildFile; fileRef = 682B6B6420C79B8500E4FB89 /* Main.storyboard */; };
		682B6B6820C79B8A00E4FB89 /* Assets.xcassets in Resources */ = {isa = PBXBuildFile; fileRef = 682B6B6720C79B8A00E4FB89 /* Assets.xcassets */; };
		682B6B6B20C79B8A00E4FB89 /* LaunchScreen.storyboard in Resources */ = {isa = PBXBuildFile; fileRef = 682B6B6920C79B8A00E4FB89 /* LaunchScreen.storyboard */; };
/* End PBXBuildFile section */

/* Begin PBXFileReference section */
		6806A6FC20C867A20023F89F /* HandRecogniser2.mlmodel */ = {isa = PBXFileReference; lastKnownFileType = file.mlmodel; path = HandRecogniser2.mlmodel; sourceTree = "<group>"; };
		682B6B5D20C79B8500E4FB89 /* handwriting-recogniser.app */ = {isa = PBXFileReference; explicitFileType = wrapper.application; includeInIndex = 0; path = "handwriting-recogniser.app"; sourceTree = BUILT_PRODUCTS_DIR; };
		682B6B6020C79B8500E4FB89 /* AppDelegate.swift */ = {isa = PBXFileReference; lastKnownFileType = sourcecode.swift; path = AppDelegate.swift; sourceTree = "<group>"; };
		682B6B6220C79B8500E4FB89 /* ViewController.swift */ = {isa = PBXFileReference; lastKnownFileType = sourcecode.swift; path = ViewController.swift; sourceTree = "<group>"; };
		682B6B6520C79B8500E4FB89 /* Base */ = {isa = PBXFileReference; lastKnownFileType = file.storyboard; name = Base; path = Base.lproj/Main.storyboard; sourceTree = "<group>"; };
		682B6B6720C79B8A00E4FB89 /* Assets.xcassets */ = {isa = PBXFileReference; lastKnownFileType = folder.assetcatalog; path = Assets.xcassets; sourceTree = "<group>"; };
		682B6B6A20C79B8A00E4FB89 /* Base */ = {isa = PBXFileReference; lastKnownFileType = file.storyboard; name = Base; path = Base.lproj/LaunchScreen.storyboard; sourceTree = "<group>"; };
		682B6B6C20C79B8A00E4FB89 /* Info.plist */ = {isa = PBXFileReference; lastKnownFileType = text.plist.xml; path = Info.plist; sourceTree = "<group>"; };
/* End PBXFileReference section */

/* Begin PBXFrameworksBuildPhase section */
		682B6B5A20C79B8500E4FB89 /* Frameworks */ = {
			isa = PBXFrameworksBuildPhase;
			buildActionMask = 2147483647;
			files = (
			);
			runOnlyForDeploymentPostprocessing = 0;
		};
/* End PBXFrameworksBuildPhase section */

/* Begin PBXGroup section */
		682B6B5420C79B8500E4FB89 = {
			isa = PBXGroup;
			children = (
				682B6B5F20C79B8500E4FB89 /* handwriting-recogniser */,
				682B6B5E20C79B8500E4FB89 /* Products */,
			);
			sourceTree = "<group>";
		};
		682B6B5E20C79B8500E4FB89 /* Products */ = {
			isa = PBXGroup;
			children = (
				682B6B5D20C79B8500E4FB89 /* handwriting-recogniser.app */,
			);
			name = Products;
			sourceTree = "<group>";
		};
		682B6B5F20C79B8500E4FB89 /* handwriting-recogniser */ = {
			isa = PBXGroup;
			children = (
				6806A6FC20C867A20023F89F /* HandRecogniser2.mlmodel */,
				682B6B6020C79B8500E4FB89 /* AppDelegate.swift */,
				682B6B6220C79B8500E4FB89 /* ViewController.swift */,
				682B6B6420C79B8500E4FB89 /* Main.storyboard */,
				682B6B6720C79B8A00E4FB89 /* Assets.xcassets */,
				682B6B6920C79B8A00E4FB89 /* LaunchScreen.storyboard */,
				682B6B6C20C79B8A00E4FB89 /* Info.plist */,
			);
			path = "handwriting-recogniser";
			sourceTree = "<group>";
		};
/* End PBXGroup section */

/* Begin PBXNativeTarget section */
		682B6B5C20C79B8500E4FB89 /* handwriting-recogniser */ = {
			isa = PBXNativeTarget;
			buildConfigurationList = 682B6B6F20C79B8A00E4FB89 /* Build configuration list for PBXNativeTarget "handwriting-recogniser" */;
			buildPhases = (
				682B6B5920C79B8500E4FB89 /* Sources */,
				682B6B5A20C79B8500E4FB89 /* Frameworks */,
				682B6B5B20C79B8500E4FB89 /* Resources */,
			);
			buildRules = (
			);
			dependencies = (
			);
			name = "handwriting-recogniser";
			productName = "handwriting-recogniser";
			productReference = 682B6B5D20C79B8500E4FB89 /* handwriting-recogniser.app */;
			productType = "com.apple.product-type.application";
		};
/* End PBXNativeTarget section */

/* Begin PBXProject section */
		682B6B5520C79B8500E4FB89 /* Project object */ = {
			isa = PBXProject;
			attributes = {
				LastSwiftUpdateCheck = 0930;
				LastUpgradeCheck = 0930;
				ORGANIZATIONNAME = "Raghav Vashisht";
				TargetAttributes = {
					682B6B5C20C79B8500E4FB89 = {
						CreatedOnToolsVersion = 9.3.1;
					};
				};
			};
			buildConfigurationList = 682B6B5820C79B8500E4FB89 /* Build configuration list for PBXProject "handwriting-recogniser" */;
			compatibilityVersion = "Xcode 9.3";
			developmentRegion = en;
			hasScannedForEncodings = 0;
			knownRegions = (
				en,
				Base,
			);
			mainGroup = 682B6B5420C79B8500E4FB89;
			productRefGroup = 682B6B5E20C79B8500E4FB89 /* Products */;
			projectDirPath = "";
			projectRoot = "";
			targets = (
				682B6B5C20C79B8500E4FB89 /* handwriting-recogniser */,
			);
		};
/* End PBXProject section */

/* Begin PBXResourcesBuildPhase section */
		682B6B5B20C79B8500E4FB89 /* Resources */ = {
			isa = PBXResourcesBuildPhase;
			buildActionMask = 2147483647;
			files = (
				682B6B6B20C79B8A00E4FB89 /* LaunchScreen.storyboard in Resources */,
				682B6B6820C79B8A00E4FB89 /* Assets.xcassets in Resources */,
				682B6B6620C79B8500E4FB89 /* Main.storyboard in Resources */,
			);
			runOnlyForDeploymentPostprocessing = 0;
		};
/* End PBXResourcesBuildPhase section */

/* Begin PBXSourcesBuildPhase section */
		682B6B5920C79B8500E4FB89 /* Sources */ = {
			isa = PBXSourcesBuildPhase;
			buildActionMask = 2147483647;
			files = (
				682B6B6320C79B8500E4FB89 /* ViewController.swift in Sources */,
				6806A6FD20C867A20023F89F /* HandRecogniser2.mlmodel in Sources */,
				682B6B6120C79B8500E4FB89 /* AppDelegate.swift in Sources */,
			);
			runOnlyForDeploymentPostprocessing = 0;
		};
/* End PBXSourcesBuildPhase section */

/* Begin PBXVariantGroup section */
		682B6B6420C79B8500E4FB89 /* Main.storyboard */ = {
			isa = PBXVariantGroup;
			children = (
				682B6B6520C79B8500E4FB89 /* Base */,
			);
			name = Main.storyboard;
			sourceTree = "<group>";
		};
		682B6B6920C79B8A00E4FB89 /* LaunchScreen.storyboard */ = {
			isa = PBXVariantGroup;
			children = (
				682B6B6A20C79B8A00E4FB89 /* Base */,
			);
			name = LaunchScreen.storyboard;
			sourceTree = "<group>";
		};
/* End PBXVariantGroup section */

/* Begin XCBuildConfiguration section */
		682B6B6D20C79B8A00E4FB89 /* Debug */ = {
			isa = XCBuildConfiguration;
			buildSettings = {
				ALWAYS_SEARCH_USER_PATHS = NO;
				CLANG_ANALYZER_NONNULL = YES;
				CLANG_ANALYZER_NUMBER_OBJECT_CONVERSION = YES_AGGRESSIVE;
				CLANG_CXX_LANGUAGE_STANDARD = "gnu++14";
				CLANG_CXX_LIBRARY = "libc++";
				CLANG_ENABLE_MODULES = YES;
				CLANG_ENABLE_OBJC_ARC = YES;
				CLANG_ENABLE_OBJC_WEAK = YES;
				CLANG_WARN_BLOCK_CAPTURE_AUTORELEASING = YES;
				CLANG_WARN_BOOL_CONVERSION = YES;
				CLANG_WARN_COMMA = YES;
				CLANG_WARN_CONSTANT_CONVERSION = YES;
				CLANG_WARN_DEPRECATED_OBJC_IMPLEMENTATIONS = YES;
				CLANG_WARN_DIRECT_OBJC_ISA_USAGE = YES_ERROR;
				CLANG_WARN_DOCUMENTATION_COMMENTS = YES;
				CLANG_WARN_EMPTY_BODY = YES;
				CLANG_WARN_ENUM_CONVERSION = YES;
				CLANG_WARN_INFINITE_RECURSION = YES;
				CLANG_WARN_INT_CONVERSION = YES;
				CLANG_WARN_NON_LITERAL_NULL_CONVERSION = YES;
				CLANG_WARN_OBJC_IMPLICIT_RETAIN_SELF = YES;
				CLANG_WARN_OBJC_LITERAL_CONVERSION = YES;
				CLANG_WARN_OBJC_ROOT_CLASS = YES_ERROR;
				CLANG_WARN_RANGE_LOOP_ANALYSIS = YES;
				CLANG_WARN_STRICT_PROTOTYPES = YES;
				CLANG_WARN_SUSPICIOUS_MOVE = YES;
				CLANG_WARN_UNGUARDED_AVAILABILITY = YES_AGGRESSIVE;
				CLANG_WARN_UNREACHABLE_CODE = YES;
				CLANG_WARN__DUPLICATE_METHOD_MATCH = YES;
				CODE_SIGN_IDENTITY = "iPhone Developer";
				COPY_PHASE_STRIP = NO;
				DEBUG_INFORMATION_FORMAT = dwarf;
				ENABLE_STRICT_OBJC_MSGSEND = YES;
				ENABLE_TESTABILITY = YES;
				GCC_C_LANGUAGE_STANDARD = gnu11;
				GCC_DYNAMIC_NO_PIC = NO;
				GCC_NO_COMMON_BLOCKS = YES;
				GCC_OPTIMIZATION_LEVEL = 0;
				GCC_PREPROCESSOR_DEFINITIONS = (
					"DEBUG=1",
					"$(inherited)",
				);
				GCC_WARN_64_TO_32_BIT_CONVERSION = YES;
				GCC_WARN_ABOUT_RETURN_TYPE = YES_ERROR;
				GCC_WARN_UNDECLARED_SELECTOR = YES;
				GCC_WARN_UNINITIALIZED_AUTOS = YES_AGGRESSIVE;
				GCC_WARN_UNUSED_FUNCTION = YES;
				GCC_WARN_UNUSED_VARIABLE = YES;
				IPHONEOS_DEPLOYMENT_TARGET = 11.3;
				MTL_ENABLE_DEBUG_INFO = YES;
				ONLY_ACTIVE_ARCH = YES;
				SDKROOT = iphoneos;
				SWIFT_ACTIVE_COMPILATION_CONDITIONS = DEBUG;
				SWIFT_OPTIMIZATION_LEVEL = "-Onone";
			};
			name = Debug;
		};
		682B6B6E20C79B8A00E4FB89 /* Release */ = {
			isa = XCBuildConfiguration;
			buildSettings = {
				ALWAYS_SEARCH_USER_PATHS = NO;
				CLANG_ANALYZER_NONNULL = YES;
				CLANG_ANALYZER_NUMBER_OBJECT_CONVERSION = YES_AGGRESSIVE;
				CLANG_CXX_LANGUAGE_STANDARD = "gnu++14";
				CLANG_CXX_LIBRARY = "libc++";
				CLANG_ENABLE_MODULES = YES;
				CLANG_ENABLE_OBJC_ARC = YES;
				CLANG_ENABLE_OBJC_WEAK = YES;
				CLANG_WARN_BLOCK_CAPTURE_AUTORELEASING = YES;
				CLANG_WARN_BOOL_CONVERSION = YES;
				CLANG_WARN_COMMA = YES;
				CLANG_WARN_CONSTANT_CONVERSION = YES;
				CLANG_WARN_DEPRECATED_OBJC_IMPLEMENTATIONS = YES;
				CLANG_WARN_DIRECT_OBJC_ISA_USAGE = YES_ERROR;
				CLANG_WARN_DOCUMENTATION_COMMENTS = YES;
				CLANG_WARN_EMPTY_BODY = YES;
				CLANG_WARN_ENUM_CONVERSION = YES;
				CLANG_WARN_INFINITE_RECURSION = YES;
				CLANG_WARN_INT_CONVERSION = YES;
				CLANG_WARN_NON_LITERAL_NULL_CONVERSION = YES;
				CLANG_WARN_OBJC_IMPLICIT_RETAIN_SELF = YES;
				CLANG_WARN_OBJC_LITERAL_CONVERSION = YES;
				CLANG_WARN_OBJC_ROOT_CLASS = YES_ERROR;
				CLANG_WARN_RANGE_LOOP_ANALYSIS = YES;
				CLANG_WARN_STRICT_PROTOTYPES = YES;
				CLANG_WARN_SUSPICIOUS_MOVE = YES;
				CLANG_WARN_UNGUARDED_AVAILABILITY = YES_AGGRESSIVE;
				CLANG_WARN_UNREACHABLE_CODE = YES;
				CLANG_WARN__DUPLICATE_METHOD_MATCH = YES;
				CODE_SIGN_IDENTITY = "iPhone Developer";
				COPY_PHASE_STRIP = NO;
				DEBUG_INFORMATION_FORMAT = "dwarf-with-dsym";
				ENABLE_NS_ASSERTIONS = NO;
				ENABLE_STRICT_OBJC_MSGSEND = YES;
				GCC_C_LANGUAGE_STANDARD = gnu11;
				GCC_NO_COMMON_BLOCKS = YES;
				GCC_WARN_64_TO_32_BIT_CONVERSION = YES;
				GCC_WARN_ABOUT_RETURN_TYPE = YES_ERROR;
				GCC_WARN_UNDECLARED_SELECTOR = YES;
				GCC_WARN_UNINITIALIZED_AUTOS = YES_AGGRESSIVE;
				GCC_WARN_UNUSED_FUNCTION = YES;
				GCC_WARN_UNUSED_VARIABLE = YES;
				IPHONEOS_DEPLOYMENT_TARGET = 11.3;
				MTL_ENABLE_DEBUG_INFO = NO;
				SDKROOT = iphoneos;
				SWIFT_COMPILATION_MODE = wholemodule;
				SWIFT_OPTIMIZATION_LEVEL = "-O";
				VALIDATE_PRODUCT = YES;
			};
			name = Release;
		};
		682B6B7020C79B8A00E4FB89 /* Debug */ = {
			isa = XCBuildConfiguration;
			buildSettings = {
				ASSETCATALOG_COMPILER_APPICON_NAME = AppIcon;
				CODE_SIGN_STYLE = Automatic;
				DEVELOPMENT_TEAM = Z3BGLCCPGN;
				INFOPLIST_FILE = "handwriting-recogniser/Info.plist";
				LD_RUNPATH_SEARCH_PATHS = (
					"$(inherited)",
					"@executable_path/Frameworks",
				);
				PRODUCT_BUNDLE_IDENTIFIER = "com.vashishtapps.handwriting-recogniser";
				PRODUCT_NAME = "$(TARGET_NAME)";
				SWIFT_VERSION = 4.0;
				TARGETED_DEVICE_FAMILY = "1,2";
			};
			name = Debug;
		};
		682B6B7120C79B8A00E4FB89 /* Release */ = {
			isa = XCBuildConfiguration;
			buildSettings = {
				ASSETCATALOG_COMPILER_APPICON_NAME = AppIcon;
				CODE_SIGN_STYLE = Automatic;
				DEVELOPMENT_TEAM = Z3BGLCCPGN;
				INFOPLIST_FILE = "handwriting-recogniser/Info.plist";
				LD_RUNPATH_SEARCH_PATHS = (
					"$(inherited)",
					"@executable_path/Frameworks",
				);
				PRODUCT_BUNDLE_IDENTIFIER = "com.vashishtapps.handwriting-recogniser";
				PRODUCT_NAME = "$(TARGET_NAME)";
				SWIFT_VERSION = 4.0;
				TARGETED_DEVICE_FAMILY = "1,2";
			};
			name = Release;
		};
/* End XCBuildConfiguration section */

/* Begin XCConfigurationList section */
		682B6B5820C79B8500E4FB89 /* Build configuration list for PBXProject "handwriting-recogniser" */ = {
			isa = XCConfigurationList;
			buildConfigurations = (
				682B6B6D20C79B8A00E4FB89 /* Debug */,
				682B6B6E20C79B8A00E4FB89 /* Release */,
			);
			defaultConfigurationIsVisible = 0;
			defaultConfigurationName = Release;
		};
		682B6B6F20C79B8A00E4FB89 /* Build configuration list for PBXNativeTarget "handwriting-recogniser" */ = {
			isa = XCConfigurationList;
			buildConfigurations = (
				682B6B7020C79B8A00E4FB89 /* Debug */,
				682B6B7120C79B8A00E4FB89 /* Release */,
			);
			defaultConfigurationIsVisible = 0;
			defaultConfigurationName = Release;
		};
/* End XCConfigurationList section */
	};
	rootObject = 682B6B5520C79B8500E4FB89 /* Project object */;
}
